
Microsoft Visual Studio Solution File, Format Version 12.00
# Visual Studio Version 16
VisualStudioVersion = 16.0.30804.86
MinimumVisualStudioVersion = 10.0.40219.1
Project("{A07B5EB6-E848-4116-A8D0-A826331D98C6}") = "Service_Fabric_Demo", "Service Fabric Demo\Service_Fabric_Demo.sfproj", "{69D4DF29-3C90-4F6F-8DA0-8D490E962E31}"
EndProject
Project("{9A19103F-16F7-4668-BE54-9A1E7A4F7556}") = "Stateless1", "Stateless1\Stateless1.csproj", "{EB93DB79-9F6F-490A-AD7B-DC9A01BF7A64}"
EndProject
Project("{FAE04EC0-301F-11D3-BF4B-00C04F79EFBC}") = "Http demo", "Http demo\Http demo.csproj", "{F54DE016-A519-4C9F-BF47-5DF1A62977A3}"
EndProject
Global
	GlobalSection(SolutionConfigurationPlatforms) = preSolution
		Debug|Any CPU = Debug|Any CPU
		Debug|x64 = Debug|x64
		Release|Any CPU = Release|Any CPU
		Release|x64 = Release|x64
	EndGlobalSection
	GlobalSection(ProjectConfigurationPlatforms) = postSolution
		{69D4DF29-3C90-4F6F-8DA0-8D490E962E31}.Debug|Any CPU.ActiveCfg = Debug|x64
		{69D4DF29-3C90-4F6F-8DA0-8D490E962E31}.Debug|x64.ActiveCfg = Debug|x64
		{69D4DF29-3C90-4F6F-8DA0-8D490E962E31}.Debug|x64.Build.0 = Debug|x64
		{69D4DF29-3C90-4F6F-8DA0-8D490E962E31}.Debug|x64.Deploy.0 = Debug|x64
		{69D4DF29-3C90-4F6F-8DA0-8D490E962E31}.Release|Any CPU.ActiveCfg = Release|x64
		{69D4DF29-3C90-4F6F-8DA0-8D490E962E31}.Release|x64.ActiveCfg = Release|x64
		{69D4DF29-3C90-4F6F-8DA0-8D490E962E31}.Release|x64.Build.0 = Release|x64
		{69D4DF29-3C90-4F6F-8DA0-8D490E962E31}.Release|x64.Deploy.0 = Release|x64
		{EB93DB79-9F6F-490A-AD7B-DC9A01BF7A64}.Debug|Any CPU.ActiveCfg = Debug|Any CPU
		{EB93DB79-9F6F-490A-AD7B-DC9A01BF7A64}.Debug|Any CPU.Build.0 = Debug|Any CPU
		{EB93DB79-9F6F-490A-AD7B-DC9A01BF7A64}.Debug|x64.ActiveCfg = Debug|Any CPU
		{EB93DB79-9F6F-490A-AD7B-DC9A01BF7A64}.Debug|x64.Build.0 = Debug|Any CPU
		{EB93DB79-9F6F-490A-AD7B-DC9A01BF7A64}.Release|Any CPU.ActiveCfg = Release|Any CPU
		{EB93DB79-9F6F-490A-AD7B-DC9A01BF7A64}.Release|Any CPU.Build.0 = Release|Any CPU
		{EB93DB79-9F6F-490A-AD7B-DC9A01BF7A64}.Release|x64.ActiveCfg = Release|Any CPU
		{EB93DB79-9F6F-490A-AD7B-DC9A01BF7A64}.Release|x64.Build.0 = Release|Any CPU
		{F54DE016-A519-4C9F-BF47-5DF1A62977A3}.Debug|Any CPU.ActiveCfg = Debug|Any CPU
		{F54DE016-A519-4C9F-BF47-5DF1A62977A3}.Debug|Any CPU.Build.0 = Debug|Any CPU
		{F54DE016-A519-4C9F-BF47-5DF1A62977A3}.Debug|x64.ActiveCfg = Debug|Any CPU
		{F54DE016-A519-4C9F-BF47-5DF1A62977A3}.Debug|x64.Build.0 = Debug|Any CPU
		{F54DE016-A519-4C9F-BF47-5DF1A62977A3}.Release|Any CPU.ActiveCfg = Release|Any CPU
		{F54DE016-A519-4C9F-BF47-5DF1A62977A3}.Release|Any CPU.Build.0 = Release|Any CPU
		{F54DE016-A519-4C9F-BF47-5DF1A62977A3}.Release|x64.ActiveCfg = Release|Any CPU
		{F54DE016-A519-4C9F-BF47-5DF1A62977A3}.Release|x64.Build.0 = Release|Any CPU
	EndGlobalSection
	GlobalSection(SolutionProperties) = preSolution
		HideSolutionNode = FALSE
	EndGlobalSection
	GlobalSection(ExtensibilityGlobals) = postSolution
		SolutionGuid = {3844602D-7A11-4D1A-AF78-75D563B4C748}
	EndGlobalSection
EndGlobal
